<?xml version="1.0" encoding="UTF-8" standalone="yes" ?>
<CodeBlocks_project_file>
	<FileVersion major="1" minor="6" />
	<Project>
		<Option title="language" />
		<Option pch_mode="2" />
		<Option compiler="use_it_for_projects________mingw_gcc__strict" />
		<Build>
			<Target title="Debug">
				<Option output="../ma_lang" prefix_auto="1" extension_auto="1" />
				<Option object_output="obj/Debug/" />
				<Option type="1" />
				<Option compiler="gcc" />
				<Option projectCompilerOptionsRelation="0" />
				<Option projectLinkerOptionsRelation="-1" />
				<Option projectIncludeDirsRelation="-1" />
				<Option projectLibDirsRelation="-1" />
				<MakeCommands>
					<Build command="" />
					<CompileFile command="" />
					<Clean command="" />
					<DistClean command="" />
					<AskRebuildNeeded command="" />
					<SilentBuild command=" &gt; $(CMD_NULL)" />
				</MakeCommands>
			</Target>
			<Target title="Release">
				<Option output="bin/Release/russkie_alga" prefix_auto="1" extension_auto="1" />
				<Option object_output="obj/Release/" />
				<Option type="1" />
				<Option compiler="gcc" />
				<Compiler>
					<Add option="-O2" />
				</Compiler>
				<Linker>
					<Add option="-s" />
				</Linker>
			</Target>
		</Build>
		<Compiler>
			<Add option="-Wall" />
		</Compiler>
		<Unit filename="../dictionary/dict.cpp" />
		<Unit filename="../dictionary/dict.h" />
		<Unit filename="../differ/differ.h" />
		<Unit filename="../differ/dot_dump.cpp" />
		<Unit filename="../differ/optimizer.cpp" />
		<Unit filename="../differ/tree_funks.cpp" />
		<Unit filename="../differ/tree_funks.h" />
		<Unit filename="../hamlet/d_hamlet_functions.h" />
		<Unit filename="../memory_free/elephant_calloc.cpp" />
		<Unit filename="../memory_free/elephant_calloc_extern.h" />
		<Unit filename="backend.cpp" />
		<Unit filename="backend.h" />
		<Unit filename="compile.cpp" />
		<Unit filename="compile.h" />
		<Unit filename="get_strings.cpp" />
		<Unit filename="great_grammar.cpp" />
		<Unit filename="great_grammar.h" />
		<Unit filename="id_process.cpp" />
		<Unit filename="lexo_parser.cpp" />
		<Unit filename="lexo_parser.h" />
		<Unit filename="main.cpp" />
		<Unit filename="to_asm.cpp" />
		<Unit filename="to_asm.h" />
		<Unit filename="tree_dsl.cpp" />
		<Extensions />
	</Project>
</CodeBlocks_project_file>
