<?xml version="1.0" encoding="UTF-8" standalone="yes" ?>
<CodeBlocks_project_file>
	<FileVersion major="1" minor="6" />
	<Project>
		<Option title="processor" />
		<Option pch_mode="2" />
		<Option compiler="use_it_for_projects________mingw_gcc__strict" />
		<Build>
			<Target title="Debug">
				<Option output="../ma_proc" prefix_auto="1" extension_auto="1" />
				<Option object_output="obj/Debug/" />
				<Option type="1" />
				<Option compiler="gcc" />
				<Compiler>
					<Add option="-g" />
				</Compiler>
			</Target>
			<Target title="Release">
				<Option output="processor" prefix_auto="1" extension_auto="1" />
				<Option object_output="obj/Release/" />
				<Option type="1" />
				<Option compiler="gcc" />
				<Compiler>
					<Add option="-O2" />
				</Compiler>
				<Linker>
					<Add option="-s" />
				</Linker>
			</Target>
		</Build>
		<Compiler>
			<Add option="-Wall" />
		</Compiler>
		<Unit filename="../hamlet/d_hamlet_functions.cpp" />
		<Unit filename="../hamlet/d_hamlet_functions.h" />
		<Unit filename="../memory_free/elephant_calloc.cpp" />
		<Unit filename="../memory_free/elephant_calloc_extern.h" />
		<Unit filename="../square_solver/beer_equation.cpp" />
		<Unit filename="../square_solver/beer_equation.h" />
		<Unit filename="../stack/stack.cpp" />
		<Unit filename="../stack/stack.h" />
		<Unit filename="../strings/string_functions.cpp" />
		<Unit filename="../strings/string_funk.h" />
		<Unit filename="DSL.cpp" />
		<Unit filename="cmd.h" />
		<Unit filename="proc.cpp" />
		<Unit filename="proc_funks.cpp" />
		<Unit filename="processor.h" />
		<Extensions />
	</Project>
</CodeBlocks_project_file>
