<?xml version="1.0" encoding="UTF-8" standalone="yes" ?>
<CodeBlocks_project_file>
	<FileVersion major="1" minor="6" />
	<Project>
		<Option title="one_buffer_d_hamlet" />
		<Option pch_mode="2" />
		<Option compiler="use_it_for_projects________mingw_gcc__strict" />
		<Build>
			<Target title="Debug">
				<Option output="bin/Debug/one_buffer_d_hamlet" prefix_auto="1" extension_auto="1" />
				<Option object_output="obj/Debug/" />
				<Option type="1" />
				<Option compiler="use_it_for_projects________mingw_gcc__strict" />
				<Compiler>
					<Add option="-g" />
				</Compiler>
			</Target>
			<Target title="Release">
				<Option output="bin/Release/one_buffer_d_hamlet" prefix_auto="1" extension_auto="1" />
				<Option object_output="obj/Release/" />
				<Option type="1" />
				<Option compiler="use_it_for_projects________mingw_gcc__strict" />
				<Compiler>
					<Add option="-O2" />
				</Compiler>
				<Linker>
					<Add option="-s" />
				</Linker>
			</Target>
		</Build>
		<Compiler>
			<Add option="-Wall" />
			<Add option="-fexceptions" />
		</Compiler>
		<Unit filename="../../../memory_free/elephant_calloc.cpp" />
		<Unit filename="../../../memory_free/elephant_calloc_extern.h" />
		<Unit filename="../hamlet_dynamic_proc/d_hamlet_functions.cpp" />
		<Unit filename="../hamlet_dynamic_proc/d_hamlet_functions.h" />
		<Unit filename="../hamlet_dynamic_proc/string_functions.cpp" />
		<Unit filename="../hamlet_dynamic_proc/string_funk.h" />
		<Unit filename="main.cpp" />
		<Extensions>
			<code_completion />
			<envvars />
			<debugger />
			<lib_finder disable_auto="1" />
		</Extensions>
	</Project>
</CodeBlocks_project_file>
